{
  "name": "qbunt.com",
  "version": "1.0.0",
  "lockfileVersion": 2,
  "requires": true,
  "packages": {
    "": {
      "name": "qbunt.com",
      "version": "1.0.0",
      "license": "ISC",
      "dependencies": {
        "@cloudflare/pages-plugin-sentry": "^1.0.0"
      }
    },
    "node_modules/@cloudflare/pages-plugin-sentry": {
      "version": "1.0.0",
      "resolved": "https://registry.npmjs.org/@cloudflare/pages-plugin-sentry/-/pages-plugin-sentry-1.0.0.tgz",
      "integrity": "sha512-VJtouvg86kldQYEgtNyahFKIrqe6qUO6n/5tVYUVubS2krKUCCiX2d8sZZ6Alcn3oMVG3eq8BRwETZMWu73GPw==",
      "dependencies": {
        "toucan-js": "^2.6.0"
      }
    },
    "node_modules/@sentry/core": {
      "version": "6.19.6",
      "resolved": "https://registry.npmjs.org/@sentry/core/-/core-6.19.6.tgz",
      "integrity": "sha512-biEotGRr44/vBCOegkTfC9rwqaqRKIpFljKGyYU6/NtzMRooktqOhjmjmItNCMRknArdeaQwA8lk2jcZDXX3Og==",
      "dependencies": {
        "@sentry/hub": "6.19.6",
        "@sentry/minimal": "6.19.6",
        "@sentry/types": "6.19.6",
        "@sentry/utils": "6.19.6",
        "tslib": "^1.9.3"
      },
      "engines": {
        "node": ">=6"
      }
    },
    "node_modules/@sentry/hub": {
      "version": "6.19.6",
      "resolved": "https://registry.npmjs.org/@sentry/hub/-/hub-6.19.6.tgz",
      "integrity": "sha512-PuEOBZxvx3bjxcXmWWZfWXG+orojQiWzv9LQXjIgroVMKM/GG4QtZbnWl1hOckUj7WtKNl4hEGO2g/6PyCV/vA==",
      "dependencies": {
        "@sentry/types": "6.19.6",
        "@sentry/utils": "6.19.6",
        "tslib": "^1.9.3"
      },
      "engines": {
        "node": ">=6"
      }
    },
    "node_modules/@sentry/minimal": {
      "version": "6.19.6",
      "resolved": "https://registry.npmjs.org/@sentry/minimal/-/minimal-6.19.6.tgz",
      "integrity": "sha512-T1NKcv+HTlmd8EbzUgnGPl4ySQGHWMCyZ8a8kXVMZOPDzphN3fVIzkYzWmSftCWp0rpabXPt9aRF2mfBKU+mAQ==",
      "dependencies": {
        "@sentry/hub": "6.19.6",
        "@sentry/types": "6.19.6",
        "tslib": "^1.9.3"
      },
      "engines": {
        "node": ">=6"
      }
    },
    "node_modules/@sentry/types": {
      "version": "6.19.6",
      "resolved": "https://registry.npmjs.org/@sentry/types/-/types-6.19.6.tgz",
      "integrity": "sha512-QH34LMJidEUPZK78l+Frt3AaVFJhEmIi05Zf8WHd9/iTt+OqvCHBgq49DDr1FWFqyYWm/QgW/3bIoikFpfsXyQ==",
      "engines": {
        "node": ">=6"
      }
    },
    "node_modules/@sentry/utils": {
      "version": "6.19.6",
      "resolved": "https://registry.npmjs.org/@sentry/utils/-/utils-6.19.6.tgz",
      "integrity": "sha512-fAMWcsguL0632eWrROp/vhPgI7sBj/JROWVPzpabwVkm9z3m1rQm6iLFn4qfkZL8Ozy6NVZPXOQ7EXmeU24byg==",
      "dependencies": {
        "@sentry/types": "6.19.6",
        "tslib": "^1.9.3"
      },
      "engines": {
        "node": ">=6"
      }
    },
    "node_modules/@types/cookie": {
      "version": "0.5.0",
      "resolved": "https://registry.npmjs.org/@types/cookie/-/cookie-0.5.0.tgz",
      "integrity": "sha512-CJWHVHHupxBYfIlMM+qzXx4dRKIV1VzOm0cP3Wpqten8MDx1tK+y92YDXUshN1ONAfwodvKxDNkw35/pNs+izg=="
    },
    "node_modules/@types/uuid": {
      "version": "8.3.4",
      "resolved": "https://registry.npmjs.org/@types/uuid/-/uuid-8.3.4.tgz",
      "integrity": "sha512-c/I8ZRb51j+pYGAu5CrFMRxqZ2ke4y2grEBO5AUjgSkSk+qT2Ea+OdWElz/OiMf5MNpn2b17kuVBwZLQJXzihw=="
    },
    "node_modules/cookie": {
      "version": "0.5.0",
      "resolved": "https://registry.npmjs.org/cookie/-/cookie-0.5.0.tgz",
      "integrity": "sha512-YZ3GUyn/o8gfKJlnlX7g7xq4gyO6OSuhGPKaaGssGB2qgDUS0gPgtTvoyZLTt9Ab6dC4hfc9dV5arkvc/OCmrw==",
      "engines": {
        "node": ">= 0.6"
      }
    },
    "node_modules/error-stack-parser": {
      "version": "2.0.7",
      "resolved": "https://registry.npmjs.org/error-stack-parser/-/error-stack-parser-2.0.7.tgz",
      "integrity": "sha512-chLOW0ZGRf4s8raLrDxa5sdkvPec5YdvwbFnqJme4rk0rFajP8mPtrDL1+I+CwrQDCjswDA5sREX7jYQDQs9vA==",
      "dependencies": {
        "stackframe": "^1.1.1"
      }
    },
    "node_modules/source-map": {
      "version": "0.5.6",
      "resolved": "https://registry.npmjs.org/source-map/-/source-map-0.5.6.tgz",
      "integrity": "sha1-dc449SvwczxafwwRjYEzSiu19BI=",
      "engines": {
        "node": ">=0.10.0"
      }
    },
    "node_modules/stack-generator": {
      "version": "2.0.5",
      "resolved": "https://registry.npmjs.org/stack-generator/-/stack-generator-2.0.5.tgz",
      "integrity": "sha512-/t1ebrbHkrLrDuNMdeAcsvynWgoH/i4o8EGGfX7dEYDoTXOYVAkEpFdtshlvabzc6JlJ8Kf9YdFEoz7JkzGN9Q==",
      "dependencies": {
        "stackframe": "^1.1.1"
      }
    },
    "node_modules/stackframe": {
      "version": "1.2.1",
      "resolved": "https://registry.npmjs.org/stackframe/-/stackframe-1.2.1.tgz",
      "integrity": "sha512-h88QkzREN/hy8eRdyNhhsO7RSJ5oyTqxxmmn0dzBIMUclZsjpfmrsg81vp8mjjAs2vAZ72nyWxRUwSwmh0e4xg=="
    },
    "node_modules/stacktrace-gps": {
      "version": "3.0.4",
      "resolved": "https://registry.npmjs.org/stacktrace-gps/-/stacktrace-gps-3.0.4.tgz",
      "integrity": "sha512-qIr8x41yZVSldqdqe6jciXEaSCKw1U8XTXpjDuy0ki/apyTn/r3w9hDAAQOhZdxvsC93H+WwwEu5cq5VemzYeg==",
      "dependencies": {
        "source-map": "0.5.6",
        "stackframe": "^1.1.1"
      }
    },
    "node_modules/stacktrace-js": {
      "version": "2.0.2",
      "resolved": "https://registry.npmjs.org/stacktrace-js/-/stacktrace-js-2.0.2.tgz",
      "integrity": "sha512-Je5vBeY4S1r/RnLydLl0TBTi3F2qdfWmYsGvtfZgEI+SCprPppaIhQf5nGcal4gI4cGpCV/duLcAzT1np6sQqg==",
      "dependencies": {
        "error-stack-parser": "^2.0.6",
        "stack-generator": "^2.0.5",
        "stacktrace-gps": "^3.0.4"
      }
    },
    "node_modules/toucan-js": {
      "version": "2.6.0",
      "resolved": "https://registry.npmjs.org/toucan-js/-/toucan-js-2.6.0.tgz",
      "integrity": "sha512-gc1rvCuQhGnczs7Z9HLZNLXk2LW0He67DRsTm9bZX041bXJNJfOSQ3Eer1B0njkInMhsvZJh6EOI+Uga9o0jsw==",
      "dependencies": {
        "@sentry/core": "6.19.6",
        "@sentry/hub": "6.19.6",
        "@sentry/types": "6.19.6",
        "@sentry/utils": "6.19.6",
        "@types/cookie": "0.5.0",
        "@types/uuid": "8.3.4",
        "cookie": "0.5.0",
        "stacktrace-js": "2.0.2",
        "uuid": "8.3.2"
      }
    },
    "node_modules/tslib": {
      "version": "1.14.1",
      "resolved": "https://registry.npmjs.org/tslib/-/tslib-1.14.1.tgz",
      "integrity": "sha512-Xni35NKzjgMrwevysHTCArtLDpPvye8zV/0E4EyYn43P7/7qvQwPh9BGkHewbMulVntbigmcT7rdX3BNo9wRJg=="
    },
    "node_modules/uuid": {
      "version": "8.3.2",
      "resolved": "https://registry.npmjs.org/uuid/-/uuid-8.3.2.tgz",
      "integrity": "sha512-+NYs2QeMWy+GWFOEm9xnn6HCDp0l7QBD7ml8zLUmJ+93Q5NF0NocErnwkTkXVFNiX3/fpC6afS8Dhb/gz7R7eg==",
      "bin": {
        "uuid": "dist/bin/uuid"
      }
    }
  },
  "dependencies": {
    "@cloudflare/pages-plugin-sentry": {
      "version": "1.0.0",
      "resolved": "https://registry.npmjs.org/@cloudflare/pages-plugin-sentry/-/pages-plugin-sentry-1.0.0.tgz",
      "integrity": "sha512-VJtouvg86kldQYEgtNyahFKIrqe6qUO6n/5tVYUVubS2krKUCCiX2d8sZZ6Alcn3oMVG3eq8BRwETZMWu73GPw==",
      "requires": {
        "toucan-js": "^2.6.0"
      }
    },
    "@sentry/core": {
      "version": "6.19.6",
      "resolved": "https://registry.npmjs.org/@sentry/core/-/core-6.19.6.tgz",
      "integrity": "sha512-biEotGRr44/vBCOegkTfC9rwqaqRKIpFljKGyYU6/NtzMRooktqOhjmjmItNCMRknArdeaQwA8lk2jcZDXX3Og==",
      "requires": {
        "@sentry/hub": "6.19.6",
        "@sentry/minimal": "6.19.6",
        "@sentry/types": "6.19.6",
        "@sentry/utils": "6.19.6",
        "tslib": "^1.9.3"
      }
    },
    "@sentry/hub": {
      "version": "6.19.6",
      "resolved": "https://registry.npmjs.org/@sentry/hub/-/hub-6.19.6.tgz",
      "integrity": "sha512-PuEOBZxvx3bjxcXmWWZfWXG+orojQiWzv9LQXjIgroVMKM/GG4QtZbnWl1hOckUj7WtKNl4hEGO2g/6PyCV/vA==",
      "requires": {
        "@sentry/types": "6.19.6",
        "@sentry/utils": "6.19.6",
        "tslib": "^1.9.3"
      }
    },
    "@sentry/minimal": {
      "version": "6.19.6",
      "resolved": "https://registry.npmjs.org/@sentry/minimal/-/minimal-6.19.6.tgz",
      "integrity": "sha512-T1NKcv+HTlmd8EbzUgnGPl4ySQGHWMCyZ8a8kXVMZOPDzphN3fVIzkYzWmSftCWp0rpabXPt9aRF2mfBKU+mAQ==",
      "requires": {
        "@sentry/hub": "6.19.6",
        "@sentry/types": "6.19.6",
        "tslib": "^1.9.3"
      }
    },
    "@sentry/types": {
      "version": "6.19.6",
      "resolved": "https://registry.npmjs.org/@sentry/types/-/types-6.19.6.tgz",
      "integrity": "sha512-QH34LMJidEUPZK78l+Frt3AaVFJhEmIi05Zf8WHd9/iTt+OqvCHBgq49DDr1FWFqyYWm/QgW/3bIoikFpfsXyQ=="
    },
    "@sentry/utils": {
      "version": "6.19.6",
      "resolved": "https://registry.npmjs.org/@sentry/utils/-/utils-6.19.6.tgz",
      "integrity": "sha512-fAMWcsguL0632eWrROp/vhPgI7sBj/JROWVPzpabwVkm9z3m1rQm6iLFn4qfkZL8Ozy6NVZPXOQ7EXmeU24byg==",
      "requires": {
        "@sentry/types": "6.19.6",
        "tslib": "^1.9.3"
      }
    },
    "@types/cookie": {
      "version": "0.5.0",
      "resolved": "https://registry.npmjs.org/@types/cookie/-/cookie-0.5.0.tgz",
      "integrity": "sha512-CJWHVHHupxBYfIlMM+qzXx4dRKIV1VzOm0cP3Wpqten8MDx1tK+y92YDXUshN1ONAfwodvKxDNkw35/pNs+izg=="
    },
    "@types/uuid": {
      "version": "8.3.4",
      "resolved": "https://registry.npmjs.org/@types/uuid/-/uuid-8.3.4.tgz",
      "integrity": "sha512-c/I8ZRb51j+pYGAu5CrFMRxqZ2ke4y2grEBO5AUjgSkSk+qT2Ea+OdWElz/OiMf5MNpn2b17kuVBwZLQJXzihw=="
    },
    "cookie": {
      "version": "0.5.0",
      "resolved": "https://registry.npmjs.org/cookie/-/cookie-0.5.0.tgz",
      "integrity": "sha512-YZ3GUyn/o8gfKJlnlX7g7xq4gyO6OSuhGPKaaGssGB2qgDUS0gPgtTvoyZLTt9Ab6dC4hfc9dV5arkvc/OCmrw=="
    },
    "error-stack-parser": {
      "version": "2.0.7",
      "resolved": "https://registry.npmjs.org/error-stack-parser/-/error-stack-parser-2.0.7.tgz",
      "integrity": "sha512-chLOW0ZGRf4s8raLrDxa5sdkvPec5YdvwbFnqJme4rk0rFajP8mPtrDL1+I+CwrQDCjswDA5sREX7jYQDQs9vA==",
      "requires": {
        "stackframe": "^1.1.1"
      }
    },
    "source-map": {
      "version": "0.5.6",
      "resolved": "https://registry.npmjs.org/source-map/-/source-map-0.5.6.tgz",
      "integrity": "sha1-dc449SvwczxafwwRjYEzSiu19BI="
    },
    "stack-generator": {
      "version": "2.0.5",
      "resolved": "https://registry.npmjs.org/stack-generator/-/stack-generator-2.0.5.tgz",
      "integrity": "sha512-/t1ebrbHkrLrDuNMdeAcsvynWgoH/i4o8EGGfX7dEYDoTXOYVAkEpFdtshlvabzc6JlJ8Kf9YdFEoz7JkzGN9Q==",
      "requires": {
        "stackframe": "^1.1.1"
      }
    },
    "stackframe": {
      "version": "1.2.1",
      "resolved": "https://registry.npmjs.org/stackframe/-/stackframe-1.2.1.tgz",
      "integrity": "sha512-h88QkzREN/hy8eRdyNhhsO7RSJ5oyTqxxmmn0dzBIMUclZsjpfmrsg81vp8mjjAs2vAZ72nyWxRUwSwmh0e4xg=="
    },
    "stacktrace-gps": {
      "version": "3.0.4",
      "resolved": "https://registry.npmjs.org/stacktrace-gps/-/stacktrace-gps-3.0.4.tgz",
      "integrity": "sha512-qIr8x41yZVSldqdqe6jciXEaSCKw1U8XTXpjDuy0ki/apyTn/r3w9hDAAQOhZdxvsC93H+WwwEu5cq5VemzYeg==",
      "requires": {
        "source-map": "0.5.6",
        "stackframe": "^1.1.1"
      }
    },
    "stacktrace-js": {
      "version": "2.0.2",
      "resolved": "https://registry.npmjs.org/stacktrace-js/-/stacktrace-js-2.0.2.tgz",
      "integrity": "sha512-Je5vBeY4S1r/RnLydLl0TBTi3F2qdfWmYsGvtfZgEI+SCprPppaIhQf5nGcal4gI4cGpCV/duLcAzT1np6sQqg==",
      "requires": {
        "error-stack-parser": "^2.0.6",
        "stack-generator": "^2.0.5",
        "stacktrace-gps": "^3.0.4"
      }
    },
    "toucan-js": {
      "version": "2.6.0",
      "resolved": "https://registry.npmjs.org/toucan-js/-/toucan-js-2.6.0.tgz",
      "integrity": "sha512-gc1rvCuQhGnczs7Z9HLZNLXk2LW0He67DRsTm9bZX041bXJNJfOSQ3Eer1B0njkInMhsvZJh6EOI+Uga9o0jsw==",
      "requires": {
        "@sentry/core": "6.19.6",
        "@sentry/hub": "6.19.6",
        "@sentry/types": "6.19.6",
        "@sentry/utils": "6.19.6",
        "@types/cookie": "0.5.0",
        "@types/uuid": "8.3.4",
        "cookie": "0.5.0",
        "stacktrace-js": "2.0.2",
        "uuid": "8.3.2"
      }
    },
    "tslib": {
      "version": "1.14.1",
      "resolved": "https://registry.npmjs.org/tslib/-/tslib-1.14.1.tgz",
      "integrity": "sha512-Xni35NKzjgMrwevysHTCArtLDpPvye8zV/0E4EyYn43P7/7qvQwPh9BGkHewbMulVntbigmcT7rdX3BNo9wRJg=="
    },
    "uuid": {
      "version": "8.3.2",
      "resolved": "https://registry.npmjs.org/uuid/-/uuid-8.3.2.tgz",
      "integrity": "sha512-+NYs2QeMWy+GWFOEm9xnn6HCDp0l7QBD7ml8zLUmJ+93Q5NF0NocErnwkTkXVFNiX3/fpC6afS8Dhb/gz7R7eg=="
    }
  }
}
