{
  "name": "qbunt.com",
  "version": "1.0.0",
  "lockfileVersion": 2,
  "requires": true,
  "packages": {
    "": {
      "name": "qbunt.com",
      "version": "1.0.0",
      "license": "MIT",
      "dependencies": {
        "@cloudflare/pages-plugin-sentry": "^1.1.4"
      }
    },
    "node_modules/@cloudflare/pages-plugin-sentry": {
      "version": "1.1.4",
      "resolved": "https://registry.npmjs.org/@cloudflare/pages-plugin-sentry/-/pages-plugin-sentry-1.1.4.tgz",
      "integrity": "sha512-BFcTebWpD4pp6+RePLp5bckoYKMoXKApm0D3PholFnen5FGAv70reIfa+Y031ZD/yGx7ty+8MlAqB7cnPDQfCg==",
      "deprecated": "Sentry now provides official support for Cloudflare Workers and Pages. Refer to the Sentry documentation (https://docs.sentry.io/platforms/javascript/guides/cloudflare/) for more details."
    }
  },
  "dependencies": {
    "@cloudflare/pages-plugin-sentry": {
      "version": "1.1.4",
      "resolved": "https://registry.npmjs.org/@cloudflare/pages-plugin-sentry/-/pages-plugin-sentry-1.1.4.tgz",
      "integrity": "sha512-BFcTebWpD4pp6+RePLp5bckoYKMoXKApm0D3PholFnen5FGAv70reIfa+Y031ZD/yGx7ty+8MlAqB7cnPDQfCg=="
    }
  }
}
